metadata:
  content_hash:
    linux-64: e90c2ee71ad70fc0a1c8302029533a7d1498f2bffcd0eaa8d2934700e775dc1d
  channels:
  - url: https://conda.anaconda.org/conda-forge/
    used_env_vars: []
  platforms:
  - linux-64
  sources: []
  time_metadata: null
  git_metadata: null
  inputs_metadata: null
  custom_metadata: null
package:
- platform: linux-64
  name: _libgcc_mutex
  version: '0.1'
  category: main
  manager: conda
  dependencies: []
  url: https://conda.anaconda.org/conda-forge/linux-64/_libgcc_mutex-0.1-conda_forge.tar.bz2
  hash:
    md5: d7c89558ba9fa0495403155b64376d81
    sha256: fe51de6107f9edc7aa4f786a70f4a883943bc9d39b3bb7307c04c41410990726
  build: conda_forge
  arch: x86_64
  subdir: linux-64
  build_number: 0
  license: None
  size: 2562
  timestamp: 1578324546067
- platform: linux-64
  name: _openmp_mutex
  version: '4.5'
  category: main
  manager: conda
  dependencies:
  - _libgcc_mutex 0.1 conda_forge
  - libgomp >=7.5.0
  url: https://conda.anaconda.org/conda-forge/linux-64/_openmp_mutex-4.5-2_gnu.tar.bz2
  hash:
    md5: 73aaf86a425cc6e73fcf236a5a46396d
    sha256: fbe2c5e56a653bebb982eda4876a9178aedfc2b545f25d0ce9c4c0b508253d22
  build: 2_gnu
  arch: x86_64
  subdir: linux-64
  build_number: 16
  constrains:
  - openmp_impl 9999
  license: BSD-3-Clause
  license_family: BSD
  size: 23621
  timestamp: 1650670423406
- platform: linux-64
  name: annotated-types
  version: 0.6.0
  category: main
  manager: conda
  dependencies:
  - python >=3.7
  - typing-extensions >=4.0.0
  url: https://conda.anaconda.org/conda-forge/noarch/annotated-types-0.6.0-pyhd8ed1ab_0.conda
  hash:
    md5: 997c29372bdbe2afee073dff71f35923
    sha256: 3a2c98154d95cfd54daba6b7d507d31f5ba07ac2ad955c44eb041b66563193cd
  build: pyhd8ed1ab_0
  arch: x86_64
  subdir: linux-64
  build_number: 0
  license: MIT
  license_family: MIT
  noarch: python
  size: 17026
  timestamp: 1696634393637
- platform: linux-64
  name: arrow
  version: 1.3.0
  category: main
  manager: conda
  dependencies:
  - python >=3.8
  - python-dateutil >=2.7.0
  - types-python-dateutil >=2.8.10
  url: https://conda.anaconda.org/conda-forge/noarch/arrow-1.3.0-pyhd8ed1ab_0.conda
  hash:
    md5: b77d8c2313158e6e461ca0efb1c2c508
    sha256: ff49825c7f9e29e09afa6284300810e7a8640d621740efb47c4541f4dc4969db
  build: pyhd8ed1ab_0
  arch: x86_64
  subdir: linux-64
  build_number: 0
  license: Apache-2.0
  license_family: Apache
  noarch: python
  size: 100096
  timestamp: 1696129131844
- platform: linux-64
  name: binaryornot
  version: 0.4.4
  category: main
  manager: conda
  dependencies:
  - chardet
  - python
  url: https://conda.anaconda.org/conda-forge/noarch/binaryornot-0.4.4-py_1.tar.bz2
  hash:
    md5: a556fa60840fcb9dd739d186bfd252f7
    sha256: 8f65c16a9f85285e1f704a26d4c5ced25f46544f5cc20dc8a4aebd7796f8011a
  build: py_1
  arch: x86_64
  subdir: linux-64
  build_number: 1
  license: BSD-3-Clause
  license_family: BSD
  noarch: python
  size: 378445
  timestamp: 1531097907306
- platform: linux-64
  name: brotli-python
  version: 1.1.0
  category: main
  manager: conda
  dependencies:
  - libgcc-ng >=12
  - libstdcxx-ng >=12
  - python >=3.12.0rc3,<3.13.0a0
  - python_abi 3.12.* *_cp312
  url: https://conda.anaconda.org/conda-forge/linux-64/brotli-python-1.1.0-py312h30efb56_1.conda
  hash:
    md5: 45801a89533d3336a365284d93298e36
    sha256: b68706698b6ac0d31196a8bcb061f0d1f35264bcd967ea45e03e108149a74c6f
  build: py312h30efb56_1
  arch: x86_64
  subdir: linux-64
  build_number: 1
  constrains:
  - libbrotlicommon 1.1.0 hd590300_1
  license: MIT
  license_family: MIT
  size: 350604
  timestamp: 1695990206327
- platform: linux-64
  name: bzip2
  version: 1.0.8
  category: main
  manager: conda
  dependencies:
  - libgcc-ng >=9.3.0
  url: https://conda.anaconda.org/conda-forge/linux-64/bzip2-1.0.8-h7f98852_4.tar.bz2
  hash:
    md5: a1fd65c7ccbf10880423d82bca54eb54
    sha256: cb521319804640ff2ad6a9f118d972ed76d86bea44e5626c09a13d38f562e1fa
  build: h7f98852_4
  arch: x86_64
  subdir: linux-64
  build_number: 4
  license: bzip2-1.0.6
  license_family: BSD
  size: 495686
  timestamp: 1606604745109
- platform: linux-64
  name: ca-certificates
  version: 2023.7.22
  category: main
  manager: conda
  dependencies: []
  url: https://conda.anaconda.org/conda-forge/linux-64/ca-certificates-2023.7.22-hbcca054_0.conda
  hash:
    md5: a73ecd2988327ad4c8f2c331482917f2
    sha256: 525b7b6b5135b952ec1808de84e5eca57c7c7ff144e29ef3e96ae4040ff432c1
  build: hbcca054_0
  arch: x86_64
  subdir: linux-64
  build_number: 0
  license: ISC
  size: 149515
  timestamp: 1690026108541
- platform: linux-64
  name: certifi
  version: 2023.7.22
  category: main
  manager: conda
  dependencies:
  - python >=3.7
  url: https://conda.anaconda.org/conda-forge/noarch/certifi-2023.7.22-pyhd8ed1ab_0.conda
  hash:
    md5: 7f3dbc9179b4dde7da98dfb151d0ad22
    sha256: db66e31866ff4250c190788769e3a8a1709237c3e9c38d7143aae95ab75fcb31
  build: pyhd8ed1ab_0
  arch: x86_64
  subdir: linux-64
  build_number: 0
  license: ISC
  noarch: python
  size: 153791
  timestamp: 1690024617757
- platform: linux-64
  name: chardet
  version: 5.2.0
  category: main
  manager: conda
  dependencies:
  - python >=3.12.0rc3,<3.13.0a0
  - python_abi 3.12.* *_cp312
  url: https://conda.anaconda.org/conda-forge/linux-64/chardet-5.2.0-py312h7900ff3_1.conda
  hash:
    md5: af3980cc4690716a5510c8a08cb06238
    sha256: 584804790b465c8e28b3c3fcea8e774cb659fe479afd8adc0d39406e8c220194
  build: py312h7900ff3_1
  arch: x86_64
  subdir: linux-64
  build_number: 1
  license: LGPL-2.1-only
  license_family: GPL
  size: 260197
  timestamp: 1695468803539
- platform: linux-64
  name: charset-normalizer
  version: 3.3.1
  category: main
  manager: conda
  dependencies:
  - python >=3.7
  url: https://conda.anaconda.org/conda-forge/noarch/charset-normalizer-3.3.1-pyhd8ed1ab_0.conda
  hash:
    md5: 985378f74689fccce52f158027bd9acd
    sha256: a31739c49c4b1c8e0cbdec965ba152683d36ce6e23bdaefcfee99937524dabd1
  build: pyhd8ed1ab_0
  arch: x86_64
  subdir: linux-64
  build_number: 0
  license: MIT
  noarch: python
  size: 46522
  timestamp: 1698005510857
- platform: linux-64
  name: click
  version: 8.1.7
  category: main
  manager: conda
  dependencies:
  - __unix
  - python >=3.8
  url: https://conda.anaconda.org/conda-forge/noarch/click-8.1.7-unix_pyh707e725_0.conda
  hash:
    md5: f3ad426304898027fc619827ff428eca
    sha256: f0016cbab6ac4138a429e28dbcb904a90305b34b3fe41a9b89d697c90401caec
  build: unix_pyh707e725_0
  arch: x86_64
  subdir: linux-64
  build_number: 0
  license: BSD-3-Clause
  license_family: BSD
  noarch: python
  size: 84437
  timestamp: 1692311973840
- platform: linux-64
  name: cookiecutter
  version: 2.4.0
  category: main
  manager: conda
  dependencies:
  - arrow
  - binaryornot >=0.4.4
  - click >=7.0,<9.0.0
  - jinja2 >=2.7,<4.0.0
  - python >=3.7
  - python-slugify >=4.0.0
  - pyyaml >=5.3.1
  - requests >=2.23.0
  - rich
  url: https://conda.anaconda.org/conda-forge/noarch/cookiecutter-2.4.0-pyhca7485f_0.conda
  hash:
    md5: d51520e0dc4e4d6ef149c41be36541e8
    sha256: 36018ffc49ad045ecb68906935e2016b3b7b19a9cce553fb9212b63f0ae321e7
  build: pyhca7485f_0
  arch: x86_64
  subdir: linux-64
  build_number: 0
  license: BSD-3-Clause
  license_family: BSD
  noarch: python
  size: 98698
  timestamp: 1696003752538
- platform: linux-64
  name: idna
  version: '3.4'
  category: main
  manager: conda
  dependencies:
  - python >=3.6
  url: https://conda.anaconda.org/conda-forge/noarch/idna-3.4-pyhd8ed1ab_0.tar.bz2
  hash:
    md5: 34272b248891bddccc64479f9a7fffed
    sha256: 9887c35c374ec1847f167292d3fde023cb4c994a4ceeec283072b95440131f09
  build: pyhd8ed1ab_0
  arch: x86_64
  subdir: linux-64
  build_number: 0
  license: BSD-3-Clause
  license_family: BSD
  noarch: python
  size: 56742
  timestamp: 1663625484114
- platform: linux-64
  name: jinja2
  version: 3.1.2
  category: main
  manager: conda
  dependencies:
  - markupsafe >=2.0
  - python >=3.7
  url: https://conda.anaconda.org/conda-forge/noarch/jinja2-3.1.2-pyhd8ed1ab_1.tar.bz2
  hash:
    md5: c8490ed5c70966d232fdd389d0dbed37
    sha256: b045faba7130ab263db6a8fdc96b1a3de5fcf85c4a607c5f11a49e76851500b5
  build: pyhd8ed1ab_1
  arch: x86_64
  subdir: linux-64
  build_number: 1
  license: BSD-3-Clause
  license_family: BSD
  noarch: python
  size: 101443
  timestamp: 1654302514195
- platform: linux-64
  name: ld_impl_linux-64
  version: '2.40'
  category: main
  manager: conda
  dependencies: []
  url: https://conda.anaconda.org/conda-forge/linux-64/ld_impl_linux-64-2.40-h41732ed_0.conda
  hash:
    md5: 7aca3059a1729aa76c597603f10b0dd3
    sha256: f6cc89d887555912d6c61b295d398cff9ec982a3417d38025c45d5dd9b9e79cd
  build: h41732ed_0
  arch: x86_64
  subdir: linux-64
  build_number: 0
  constrains:
  - binutils_impl_linux-64 2.40
  license: GPL-3.0-only
  license_family: GPL
  size: 704696
  timestamp: 1674833944779
- platform: linux-64
  name: libexpat
  version: 2.5.0
  category: main
  manager: conda
  dependencies:
  - libgcc-ng >=12
  url: https://conda.anaconda.org/conda-forge/linux-64/libexpat-2.5.0-hcb278e6_1.conda
  hash:
    md5: 6305a3dd2752c76335295da4e581f2fd
    sha256: 74c98a563777ae2ad71f1f74d458a8ab043cee4a513467c159ccf159d0e461f3
  build: hcb278e6_1
  arch: x86_64
  subdir: linux-64
  build_number: 1
  constrains:
  - expat 2.5.0.*
  license: MIT
  license_family: MIT
  size: 77980
  timestamp: 1680190528313
- platform: linux-64
  name: libffi
  version: 3.4.2
  category: main
  manager: conda
  dependencies:
  - libgcc-ng >=9.4.0
  url: https://conda.anaconda.org/conda-forge/linux-64/libffi-3.4.2-h7f98852_5.tar.bz2
  hash:
    md5: d645c6d2ac96843a2bfaccd2d62b3ac3
    sha256: ab6e9856c21709b7b517e940ae7028ae0737546122f83c2aa5d692860c3b149e
  build: h7f98852_5
  arch: x86_64
  subdir: linux-64
  build_number: 5
  license: MIT
  license_family: MIT
  size: 58292
  timestamp: 1636488182923
- platform: linux-64
  name: libgcc-ng
  version: 13.2.0
  category: main
  manager: conda
  dependencies:
  - _libgcc_mutex 0.1 conda_forge
  - _openmp_mutex >=4.5
  url: https://conda.anaconda.org/conda-forge/linux-64/libgcc-ng-13.2.0-h807b86a_2.conda
  hash:
    md5: c28003b0be0494f9a7664389146716ff
    sha256: d361d3c87c376642b99c1fc25cddec4b9905d3d9b9203c1c545b8c8c1b04539a
  build: h807b86a_2
  arch: x86_64
  subdir: linux-64
  build_number: 2
  constrains:
  - libgomp 13.2.0 h807b86a_2
  license: GPL-3.0-only WITH GCC-exception-3.1
  license_family: GPL
  size: 771133
  timestamp: 1695219384393
- platform: linux-64
  name: libgomp
  version: 13.2.0
  category: main
  manager: conda
  dependencies:
  - _libgcc_mutex 0.1 conda_forge
  url: https://conda.anaconda.org/conda-forge/linux-64/libgomp-13.2.0-h807b86a_2.conda
  hash:
    md5: e2042154faafe61969556f28bade94b9
    sha256: e1e82348f8296abfe344162b3b5f0ddc2f504759ebeb8b337ba99beaae583b15
  build: h807b86a_2
  arch: x86_64
  subdir: linux-64
  build_number: 2
  license: GPL-3.0-only WITH GCC-exception-3.1
  license_family: GPL
  size: 421133
  timestamp: 1695219303065
- platform: linux-64
  name: libnsl
  version: 2.0.1
  category: main
  manager: conda
  dependencies:
  - libgcc-ng >=12
  url: https://conda.anaconda.org/conda-forge/linux-64/libnsl-2.0.1-hd590300_0.conda
  hash:
    md5: 30fd6e37fe21f86f4bd26d6ee73eeec7
    sha256: 26d77a3bb4dceeedc2a41bd688564fe71bf2d149fdcf117049970bc02ff1add6
  build: hd590300_0
  arch: x86_64
  subdir: linux-64
  build_number: 0
  license: LGPL-2.1-only
  license_family: GPL
  size: 33408
  timestamp: 1697359010159
- platform: linux-64
  name: libsqlite
  version: 3.43.2
  category: main
  manager: conda
  dependencies:
  - libgcc-ng >=12
  - libzlib >=1.2.13,<1.3.0a0
  url: https://conda.anaconda.org/conda-forge/linux-64/libsqlite-3.43.2-h2797004_0.conda
  hash:
    md5: 4b441a1ee22397d5a27dc1126b849edd
    sha256: b30279b67fce2382a93c638625ff2b284324e2347e30bd0acab813d89289c18a
  build: h2797004_0
  arch: x86_64
  subdir: linux-64
  build_number: 0
  license: Unlicense
  size: 839889
  timestamp: 1696958890942
- platform: linux-64
  name: libstdcxx-ng
  version: 13.2.0
  category: main
  manager: conda
  dependencies: []
  url: https://conda.anaconda.org/conda-forge/linux-64/libstdcxx-ng-13.2.0-h7e041cc_2.conda
  hash:
    md5: 9172c297304f2a20134fc56c97fbe229
    sha256: ab22ecdc974cdbe148874ea876d9c564294d5eafa760f403ed4fd495307b4243
  build: h7e041cc_2
  arch: x86_64
  subdir: linux-64
  build_number: 2
  license: GPL-3.0-only WITH GCC-exception-3.1
  license_family: GPL
  size: 3842773
  timestamp: 1695219454837
- platform: linux-64
  name: libuuid
  version: 2.38.1
  category: main
  manager: conda
  dependencies:
  - libgcc-ng >=12
  url: https://conda.anaconda.org/conda-forge/linux-64/libuuid-2.38.1-h0b41bf4_0.conda
  hash:
    md5: 40b61aab5c7ba9ff276c41cfffe6b80b
    sha256: 787eb542f055a2b3de553614b25f09eefb0a0931b0c87dbcce6efdfd92f04f18
  build: h0b41bf4_0
  arch: x86_64
  subdir: linux-64
  build_number: 0
  license: BSD-3-Clause
  license_family: BSD
  size: 33601
  timestamp: 1680112270483
- platform: linux-64
  name: libzlib
  version: 1.2.13
  category: main
  manager: conda
  dependencies:
  - libgcc-ng >=12
  url: https://conda.anaconda.org/conda-forge/linux-64/libzlib-1.2.13-hd590300_5.conda
  hash:
    md5: f36c115f1ee199da648e0597ec2047ad
    sha256: 370c7c5893b737596fd6ca0d9190c9715d89d888b8c88537ae1ef168c25e82e4
  build: hd590300_5
  arch: x86_64
  subdir: linux-64
  build_number: 5
  constrains:
  - zlib 1.2.13 *_5
  license: Zlib
  license_family: Other
  size: 61588
  timestamp: 1686575217516
- platform: linux-64
  name: markdown-it-py
  version: 3.0.0
  category: main
  manager: conda
  dependencies:
  - mdurl >=0.1,<1
  - python >=3.8
  url: https://conda.anaconda.org/conda-forge/noarch/markdown-it-py-3.0.0-pyhd8ed1ab_0.conda
  hash:
    md5: 93a8e71256479c62074356ef6ebf501b
    sha256: c041b0eaf7a6af3344d5dd452815cdc148d6284fec25a4fa3f4263b3a021e962
  build: pyhd8ed1ab_0
  arch: x86_64
  subdir: linux-64
  build_number: 0
  license: MIT
  license_family: MIT
  noarch: python
  size: 64356
  timestamp: 1686175179621
- platform: linux-64
  name: markupsafe
  version: 2.1.3
  category: main
  manager: conda
  dependencies:
  - libgcc-ng >=12
  - python >=3.12.0rc3,<3.13.0a0
  - python_abi 3.12.* *_cp312
  url: https://conda.anaconda.org/conda-forge/linux-64/markupsafe-2.1.3-py312h98912ed_1.conda
  hash:
    md5: 79d118a8f1da01773dd5b334af5ce8d4
    sha256: 2da8fc396399cd3dec8e1464d6b592adca0498e353dc3cdfac34f7eb563956c9
  build: py312h98912ed_1
  arch: x86_64
  subdir: linux-64
  build_number: 1
  constrains:
  - jinja2 >=3.0.0
  license: BSD-3-Clause
  license_family: BSD
  size: 26655
  timestamp: 1695367675021
- platform: linux-64
  name: mdurl
  version: 0.1.0
  category: main
  manager: conda
  dependencies:
  - python >=3.6
  url: https://conda.anaconda.org/conda-forge/noarch/mdurl-0.1.0-pyhd8ed1ab_0.tar.bz2
  hash:
    md5: f8dab71fdc13b1bf29a01248b156d268
    sha256: c678b9194e025b1fb665bec30ee20aab93399203583875b1dcc0a3b52a8f5523
  build: pyhd8ed1ab_0
  arch: x86_64
  subdir: linux-64
  build_number: 0
  license: MIT
  license_family: MIT
  noarch: python
  size: 13707
  timestamp: 1639515992326
- platform: linux-64
  name: ncurses
  version: '6.4'
  category: main
  manager: conda
  dependencies:
  - libgcc-ng >=12
  url: https://conda.anaconda.org/conda-forge/linux-64/ncurses-6.4-hcb278e6_0.conda
  hash:
    md5: 681105bccc2a3f7f1a837d47d39c9179
    sha256: ccf61e61d58a8a7b2d66822d5568e2dc9387883dd9b2da61e1d787ece4c4979a
  build: hcb278e6_0
  arch: x86_64
  subdir: linux-64
  build_number: 0
  license: X11 AND BSD-3-Clause
  size: 880967
  timestamp: 1686076725450
- platform: linux-64
  name: openssl
  version: 3.1.3
  category: main
  manager: conda
  dependencies:
  - ca-certificates
  - libgcc-ng >=12
  url: https://conda.anaconda.org/conda-forge/linux-64/openssl-3.1.3-hd590300_0.conda
  hash:
    md5: 7bb88ce04c8deb9f7d763ae04a1da72f
    sha256: f4e35f506c7e8ab7dfdc47255b0d5aa8ce0c99028ae0affafd274333042c4f70
  build: hd590300_0
  arch: x86_64
  subdir: linux-64
  build_number: 0
  constrains:
  - pyopenssl >=22.1
  license: Apache-2.0
  license_family: Apache
  size: 2642850
  timestamp: 1695158025027
- platform: linux-64
  name: pydantic
  version: 2.4.2
  category: main
  manager: conda
  dependencies:
  - annotated-types >=0.4.0
  - pydantic-core 2.10.1
  - python >=3.7
  - typing-extensions >=4.6.1
  url: https://conda.anaconda.org/conda-forge/noarch/pydantic-2.4.2-pyhd8ed1ab_1.conda
  hash:
    md5: aad1d187156725d52e1f8ee7756c20f6
    sha256: dc6330364f92de95a315a19e842a26605d6ca5c7d346e77811d42ad0438e32d8
  build: pyhd8ed1ab_1
  arch: x86_64
  subdir: linux-64
  build_number: 1
  license: MIT
  license_family: MIT
  noarch: python
  size: 273801
  timestamp: 1697789747756
- platform: linux-64
  name: pydantic-core
  version: 2.10.1
  category: main
  manager: conda
  dependencies:
  - libgcc-ng >=12
  - python >=3.12.0rc3,<3.13.0a0
  - python_abi 3.12.* *_cp312
  - typing-extensions >=4.6.0
  url: https://conda.anaconda.org/conda-forge/linux-64/pydantic-core-2.10.1-py312h4b3b743_0.conda
  hash:
    md5: 0a8248941ea3d3451eb61af6f896a323
    sha256: 151f9a6bf0c6776e8557342cbf1823322efa1e7476a45489fe5fcb455367d758
  build: py312h4b3b743_0
  arch: x86_64
  subdir: linux-64
  build_number: 0
  license: MIT
  license_family: MIT
  size: 1585671
  timestamp: 1695733321525
- platform: linux-64
  name: pygments
  version: 2.16.1
  category: main
  manager: conda
  dependencies:
  - python >=3.7
  url: https://conda.anaconda.org/conda-forge/noarch/pygments-2.16.1-pyhd8ed1ab_0.conda
  hash:
    md5: 40e5cb18165466773619e5c963f00a7b
    sha256: 3f0f0fadc6084960ec8cc00a32a03529c562ffea3b527eb73b1653183daad389
  build: pyhd8ed1ab_0
  arch: x86_64
  subdir: linux-64
  build_number: 0
  license: BSD-2-Clause
  license_family: BSD
  noarch: python
  size: 853439
  timestamp: 1691408777841
- platform: linux-64
  name: pysocks
  version: 1.7.1
  category: main
  manager: conda
  dependencies:
  - __unix
  - python >=3.8
  url: https://conda.anaconda.org/conda-forge/noarch/pysocks-1.7.1-pyha2e5f31_6.tar.bz2
  hash:
    md5: 2a7de29fb590ca14b5243c4c812c8025
    sha256: a42f826e958a8d22e65b3394f437af7332610e43ee313393d1cf143f0a2d274b
  build: pyha2e5f31_6
  arch: x86_64
  subdir: linux-64
  build_number: 6
  license: BSD-3-Clause
  license_family: BSD
  noarch: python
  size: 18981
  timestamp: 1661604969727
- platform: linux-64
  name: python
  version: 3.12.0
  category: main
  manager: conda
  dependencies:
  - bzip2 >=1.0.8,<2.0a0
  - ld_impl_linux-64 >=2.36.1
  - libexpat >=2.5.0,<3.0a0
  - libffi >=3.4,<4.0a0
  - libgcc-ng >=12
  - libnsl >=2.0.0,<2.1.0a0
  - libsqlite >=3.43.0,<4.0a0
  - libuuid >=2.38.1,<3.0a0
  - libzlib >=1.2.13,<1.3.0a0
  - ncurses >=6.4,<7.0a0
  - openssl >=3.1.3,<4.0a0
  - readline >=8.2,<9.0a0
  - tk >=8.6.13,<8.7.0a0
  - tzdata
  - xz >=5.2.6,<6.0a0
  url: https://conda.anaconda.org/conda-forge/linux-64/python-3.12.0-hab00c5b_0_cpython.conda
  hash:
    md5: 7f97faab5bebcc2580f4f299285323da
    sha256: 5398ebae6a1ccbfd3f76361eac75f3ac071527a8072627c4bf9008c689034f48
  build: hab00c5b_0_cpython
  arch: x86_64
  subdir: linux-64
  build_number: 0
  constrains:
  - python_abi 3.12.* *_cp312
  license: Python-2.0
  size: 32123473
  timestamp: 1696324522323
- platform: linux-64
  name: python-dateutil
  version: 2.8.2
  category: main
  manager: conda
  dependencies:
  - python >=3.6
  - six >=1.5
  url: https://conda.anaconda.org/conda-forge/noarch/python-dateutil-2.8.2-pyhd8ed1ab_0.tar.bz2
  hash:
    md5: dd999d1cc9f79e67dbb855c8924c7984
    sha256: 54d7785c7678166aa45adeaccfc1d2b8c3c799ca2dc05d4a82bb39b1968bd7da
  build: pyhd8ed1ab_0
  arch: x86_64
  subdir: linux-64
  build_number: 0
  license: Apache-2.0
  license_family: APACHE
  noarch: python
  size: 245987
  timestamp: 1626286448716
- platform: linux-64
  name: python-dotenv
  version: 1.0.0
  category: main
  manager: conda
  dependencies:
  - python >=3.8
  url: https://conda.anaconda.org/conda-forge/noarch/python-dotenv-1.0.0-pyhd8ed1ab_1.conda
  hash:
    md5: 111e7f9edd31865e2659fa9aad8ec8fd
    sha256: bc5663f224ff6d8a399ec6bd8517e0c0f87a69ead438f82e5ce5c30f00077586
  build: pyhd8ed1ab_1
  arch: x86_64
  subdir: linux-64
  build_number: 1
  license: BSD-3-Clause
  license_family: BSD
  noarch: python
  size: 23816
  timestamp: 1693865912522
- platform: linux-64
  name: python-slugify
  version: 8.0.1
  category: main
  manager: conda
  dependencies:
  - python >=3.7
  - text-unidecode >=1.3
  url: https://conda.anaconda.org/conda-forge/noarch/python-slugify-8.0.1-pyhd8ed1ab_2.conda
  hash:
    md5: 519897ff446e0dc056e12402e6785cd5
    sha256: 68ac5a6a467b9c0a98e326ec4cc8e3c01d4514f1200c1b44102923424e8ed1eb
  build: pyhd8ed1ab_2
  arch: x86_64
  subdir: linux-64
  build_number: 2
  constrains:
  - unidecode >=1.1.1
  - slugify <0
  - awesome-slugify <0
  license: MIT
  license_family: MIT
  noarch: python
  size: 14952
  timestamp: 1694282231842
- platform: linux-64
  name: python_abi
  version: '3.12'
  category: main
  manager: conda
  dependencies: []
  url: https://conda.anaconda.org/conda-forge/linux-64/python_abi-3.12-4_cp312.conda
  hash:
    md5: dccc2d142812964fcc6abdc97b672dff
    sha256: 182a329de10a4165f6e8a3804caf751f918f6ea6176dd4e5abcdae1ed3095bf6
  build: 4_cp312
  arch: x86_64
  subdir: linux-64
  build_number: 4
  constrains:
  - python 3.12.* *_cpython
  license: BSD-3-Clause
  license_family: BSD
  size: 6385
  timestamp: 1695147396604
- platform: linux-64
  name: pyyaml
  version: 6.0.1
  category: main
  manager: conda
  dependencies:
  - libgcc-ng >=12
  - python >=3.12.0rc3,<3.13.0a0
  - python_abi 3.12.* *_cp312
  - yaml >=0.2.5,<0.3.0a0
  url: https://conda.anaconda.org/conda-forge/linux-64/pyyaml-6.0.1-py312h98912ed_1.conda
  hash:
    md5: e3fd78d8d490af1d84763b9fe3f2e552
    sha256: 7f347a10a7121b08d79d21cd4f438c07c23479ea0c74dfb89d6dc416f791bb7f
  build: py312h98912ed_1
  arch: x86_64
  subdir: linux-64
  build_number: 1
  license: MIT
  license_family: MIT
  size: 196583
  timestamp: 1695373632212
- platform: linux-64
  name: readline
  version: '8.2'
  category: main
  manager: conda
  dependencies:
  - libgcc-ng >=12
  - ncurses >=6.3,<7.0a0
  url: https://conda.anaconda.org/conda-forge/linux-64/readline-8.2-h8228510_1.conda
  hash:
    md5: 47d31b792659ce70f470b5c82fdfb7a4
    sha256: 5435cf39d039387fbdc977b0a762357ea909a7694d9528ab40f005e9208744d7
  build: h8228510_1
  arch: x86_64
  subdir: linux-64
  build_number: 1
  license: GPL-3.0-only
  license_family: GPL
  size: 281456
  timestamp: 1679532220005
- platform: linux-64
  name: requests
  version: 2.31.0
  category: main
  manager: conda
  dependencies:
  - certifi >=2017.4.17
  - charset-normalizer >=2,<4
  - idna >=2.5,<4
  - python >=3.7
  - urllib3 >=1.21.1,<3
  url: https://conda.anaconda.org/conda-forge/noarch/requests-2.31.0-pyhd8ed1ab_0.conda
  hash:
    md5: a30144e4156cdbb236f99ebb49828f8b
    sha256: 9f629d6fd3c8ac5f2a198639fe7af87c4db2ac9235279164bfe0fcb49d8c4bad
  build: pyhd8ed1ab_0
  arch: x86_64
  subdir: linux-64
  build_number: 0
  constrains:
  - chardet >=3.0.2,<6
  license: Apache-2.0
  license_family: APACHE
  noarch: python
  size: 56690
  timestamp: 1684774408600
- platform: linux-64
  name: rich
  version: 13.6.0
  category: main
  manager: conda
  dependencies:
  - markdown-it-py >=2.2.0
  - pygments >=2.13.0,<3.0.0
  - python >=3.7.0
  - typing_extensions >=4.0.0,<5.0.0
  url: https://conda.anaconda.org/conda-forge/noarch/rich-13.6.0-pyhd8ed1ab_0.conda
  hash:
    md5: 3ca4829f40710f581ca1d76bc907e99f
    sha256: a2f8838a75ab8c2c1da0a813c7569d4f6efba0d2b5dc3a7659e2cb6d96bd8e19
  build: pyhd8ed1ab_0
  arch: x86_64
  subdir: linux-64
  build_number: 0
  license: MIT
  license_family: MIT
  noarch: python
  size: 183200
  timestamp: 1696096819794
- platform: linux-64
  name: six
  version: 1.16.0
  category: main
  manager: conda
  dependencies:
  - python
  url: https://conda.anaconda.org/conda-forge/noarch/six-1.16.0-pyh6c4a22f_0.tar.bz2
  hash:
    md5: e5f25f8dbc060e9a8d912e432202afc2
    sha256: a85c38227b446f42c5b90d9b642f2c0567880c15d72492d8da074a59c8f91dd6
  build: pyh6c4a22f_0
  arch: x86_64
  subdir: linux-64
  build_number: 0
  license: MIT
  license_family: MIT
  noarch: python
  size: 14259
  timestamp: 1620240338595
- platform: linux-64
  name: text-unidecode
  version: '1.3'
  category: main
  manager: conda
  dependencies:
  - python >=3.4
  url: https://conda.anaconda.org/conda-forge/noarch/text-unidecode-1.3-pyhd8ed1ab_1.conda
  hash:
    md5: ba8aba332d8868897ce44ad74015a7fe
    sha256: db64669a918dec8c744f80a85b9c82216b79298256c7c8bd19bdba54a02f8914
  build: pyhd8ed1ab_1
  arch: x86_64
  subdir: linux-64
  build_number: 1
  license: Artistic-1.0-Perl
  license_family: OTHER
  noarch: python
  size: 65029
  timestamp: 1694707244466
- platform: linux-64
  name: tk
  version: 8.6.13
  category: main
  manager: conda
  dependencies:
  - libgcc-ng >=12
  - libzlib >=1.2.13,<1.3.0a0
  url: https://conda.anaconda.org/conda-forge/linux-64/tk-8.6.13-h2797004_0.conda
  hash:
    md5: 513336054f884f95d9fd925748f41ef3
    sha256: 679e944eb93fde45d0963a22598fafacbb429bb9e7ee26009ba81c4e0c435055
  build: h2797004_0
  arch: x86_64
  subdir: linux-64
  build_number: 0
  license: TCL
  license_family: BSD
  size: 3290187
  timestamp: 1695506262576
- platform: linux-64
  name: types-python-dateutil
  version: 2.8.19.14
  category: main
  manager: conda
  dependencies:
  - python >=3.6
  url: https://conda.anaconda.org/conda-forge/noarch/types-python-dateutil-2.8.19.14-pyhd8ed1ab_0.conda
  hash:
    md5: 4df15c51a543e806d439490b862be1c6
    sha256: 7b0129c72d371fa7a06ed5dd1d701844c20d03bb4641a38a88a982b347d087e2
  build: pyhd8ed1ab_0
  arch: x86_64
  subdir: linux-64
  build_number: 0
  license: Apache-2.0 AND MIT
  noarch: python
  size: 21474
  timestamp: 1689883066161
- platform: linux-64
  name: typing-extensions
  version: 4.8.0
  category: main
  manager: conda
  dependencies:
  - typing_extensions 4.8.0 pyha770c72_0
  url: https://conda.anaconda.org/conda-forge/noarch/typing-extensions-4.8.0-hd8ed1ab_0.conda
  hash:
    md5: 384462e63262a527bda564fa2d9126c0
    sha256: d6e1dddd0c372218ef15912383d351ac8c73465cbf16238017f0269813cafe2d
  build: hd8ed1ab_0
  arch: x86_64
  subdir: linux-64
  build_number: 0
  license: PSF-2.0
  license_family: PSF
  noarch: python
  size: 10104
  timestamp: 1695040958008
- platform: linux-64
  name: typing_extensions
  version: 4.8.0
  category: main
  manager: conda
  dependencies:
  - python >=3.8
  url: https://conda.anaconda.org/conda-forge/noarch/typing_extensions-4.8.0-pyha770c72_0.conda
  hash:
    md5: 5b1be40a26d10a06f6d4f1f9e19fa0c7
    sha256: 38d16b5c53ec1af845d37d22e7bb0e6c934c7f19499123507c5a470f6f8b7dde
  build: pyha770c72_0
  arch: x86_64
  subdir: linux-64
  build_number: 0
  license: PSF-2.0
  license_family: PSF
  noarch: python
  size: 35108
  timestamp: 1695040948828
- platform: linux-64
  name: tzdata
  version: 2023c
  category: main
  manager: conda
  dependencies: []
  url: https://conda.anaconda.org/conda-forge/noarch/tzdata-2023c-h71feb2d_0.conda
  hash:
    md5: 939e3e74d8be4dac89ce83b20de2492a
    sha256: 0449138224adfa125b220154408419ec37c06b0b49f63c5954724325903ecf55
  build: h71feb2d_0
  arch: x86_64
  subdir: linux-64
  build_number: 0
  license: LicenseRef-Public-Domain
  noarch: generic
  size: 117580
  timestamp: 1680041306008
- platform: linux-64
  name: urllib3
  version: 2.0.7
  category: main
  manager: conda
  dependencies:
  - brotli-python >=1.0.9
  - pysocks >=1.5.6,<2.0,!=1.5.7
  - python >=3.7
  url: https://conda.anaconda.org/conda-forge/noarch/urllib3-2.0.7-pyhd8ed1ab_0.conda
  hash:
    md5: 270e71c14d37074b1d066ee21cf0c4a6
    sha256: 9fe14735dde74278c6f1710cbe883d5710fc98501a96031dec6849a8d8a1bb11
  build: pyhd8ed1ab_0
  arch: x86_64
  subdir: linux-64
  build_number: 0
  license: MIT
  license_family: MIT
  noarch: python
  size: 98507
  timestamp: 1697720586316
- platform: linux-64
  name: xz
  version: 5.2.6
  category: main
  manager: conda
  dependencies:
  - libgcc-ng >=12
  url: https://conda.anaconda.org/conda-forge/linux-64/xz-5.2.6-h166bdaf_0.tar.bz2
  hash:
    md5: 2161070d867d1b1204ea749c8eec4ef0
    sha256: 03a6d28ded42af8a347345f82f3eebdd6807a08526d47899a42d62d319609162
  build: h166bdaf_0
  arch: x86_64
  subdir: linux-64
  build_number: 0
  license: LGPL-2.1 and GPL-2.0
  size: 418368
  timestamp: 1660346797927
- platform: linux-64
  name: yaml
  version: 0.2.5
  category: main
  manager: conda
  dependencies:
  - libgcc-ng >=9.4.0
  url: https://conda.anaconda.org/conda-forge/linux-64/yaml-0.2.5-h7f98852_2.tar.bz2
  hash:
    md5: 4cb3ad778ec2d5a7acbdf254eb1c42ae
    sha256: a4e34c710eeb26945bdbdaba82d3d74f60a78f54a874ec10d373811a5d217535
  build: h7f98852_2
  arch: x86_64
  subdir: linux-64
  build_number: 2
  license: MIT
  license_family: MIT
  size: 89141
  timestamp: 1641346969816
version: 1
